
Microsoft Visual Studio Solution File, Format Version 12.00
# Visual Studio 14
VisualStudioVersion = 14.0.23107.0
MinimumVisualStudioVersion = 10.0.40219.1
Project("{FAE04EC0-301F-11D3-BF4B-00C04F79EFBC}") = "Reflections", "Reflections\Reflections.csproj", "{47302AAE-6E9D-4FFA-A2F7-2EA0551C1899}"
EndProject
Project("{FAE04EC0-301F-11D3-BF4B-00C04F79EFBC}") = "Reflections.UnitTests", "Reflections.UnitTests\Reflections.UnitTests.csproj", "{C93B2D50-7E03-476A-8669-8063A22462A5}"
EndProject
Global
	GlobalSection(SolutionConfigurationPlatforms) = preSolution
		Debug|Any CPU = Debug|Any CPU
		Release|Any CPU = Release|Any CPU
	EndGlobalSection
	GlobalSection(ProjectConfigurationPlatforms) = postSolution
		{47302AAE-6E9D-4FFA-A2F7-2EA0551C1899}.Debug|Any CPU.ActiveCfg = Debug|Any CPU
		{47302AAE-6E9D-4FFA-A2F7-2EA0551C1899}.Debug|Any CPU.Build.0 = Debug|Any CPU
		{47302AAE-6E9D-4FFA-A2F7-2EA0551C1899}.Release|Any CPU.ActiveCfg = Release|Any CPU
		{47302AAE-6E9D-4FFA-A2F7-2EA0551C1899}.Release|Any CPU.Build.0 = Release|Any CPU
		{C93B2D50-7E03-476A-8669-8063A22462A5}.Debug|Any CPU.ActiveCfg = Debug|Any CPU
		{C93B2D50-7E03-476A-8669-8063A22462A5}.Debug|Any CPU.Build.0 = Debug|Any CPU
		{C93B2D50-7E03-476A-8669-8063A22462A5}.Release|Any CPU.ActiveCfg = Release|Any CPU
		{C93B2D50-7E03-476A-8669-8063A22462A5}.Release|Any CPU.Build.0 = Release|Any CPU
	EndGlobalSection
	GlobalSection(SolutionProperties) = preSolution
		HideSolutionNode = FALSE
	EndGlobalSection
EndGlobal
