
Microsoft Visual Studio Solution File, Format Version 12.00
# Visual Studio Version 16
VisualStudioVersion = 16.0.29613.14
MinimumVisualStudioVersion = 10.0.40219.1
Project("{9A19103F-16F7-4668-BE54-9A1E7A4F7556}") = "Reflections", "Reflections\Reflections.csproj", "{BE7039F2-A773-4D5F-86E0-04163F3D403F}"
EndProject
Project("{9A19103F-16F7-4668-BE54-9A1E7A4F7556}") = "Reflections.UnitTests", "Reflections.UnitTests\Reflections.UnitTests.csproj", "{A2192A48-C7CE-45B7-A7D9-A37807F3A513}"
EndProject
Project("{2150E333-8FDC-42A3-9474-1A3956D46DE8}") = "Solution Items", "Solution Items", "{538F32B2-572A-44A0-B33D-D1F42204D530}"
	ProjectSection(SolutionItems) = preProject
		StrongNameKey.snk = StrongNameKey.snk
	EndProjectSection
EndProject
Global
	GlobalSection(SolutionConfigurationPlatforms) = preSolution
		Debug|Any CPU = Debug|Any CPU
		Release|Any CPU = Release|Any CPU
	EndGlobalSection
	GlobalSection(ProjectConfigurationPlatforms) = postSolution
		{BE7039F2-A773-4D5F-86E0-04163F3D403F}.Debug|Any CPU.ActiveCfg = Debug|Any CPU
		{BE7039F2-A773-4D5F-86E0-04163F3D403F}.Debug|Any CPU.Build.0 = Debug|Any CPU
		{BE7039F2-A773-4D5F-86E0-04163F3D403F}.Release|Any CPU.ActiveCfg = Release|Any CPU
		{BE7039F2-A773-4D5F-86E0-04163F3D403F}.Release|Any CPU.Build.0 = Release|Any CPU
		{A2192A48-C7CE-45B7-A7D9-A37807F3A513}.Debug|Any CPU.ActiveCfg = Debug|Any CPU
		{A2192A48-C7CE-45B7-A7D9-A37807F3A513}.Debug|Any CPU.Build.0 = Debug|Any CPU
		{A2192A48-C7CE-45B7-A7D9-A37807F3A513}.Release|Any CPU.ActiveCfg = Release|Any CPU
		{A2192A48-C7CE-45B7-A7D9-A37807F3A513}.Release|Any CPU.Build.0 = Release|Any CPU
	EndGlobalSection
	GlobalSection(SolutionProperties) = preSolution
		HideSolutionNode = FALSE
	EndGlobalSection
	GlobalSection(ExtensibilityGlobals) = postSolution
		SolutionGuid = {5B663E18-6F7C-48A5-9AC9-C01C15779659}
	EndGlobalSection
EndGlobal
