
Microsoft Visual Studio Solution File, Format Version 12.00
# Visual Studio 15
VisualStudioVersion = 15.0.28307.489
MinimumVisualStudioVersion = 10.0.40219.1
Project("{9A19103F-16F7-4668-BE54-9A1E7A4F7556}") = "Reflections", "Reflections\Reflections.csproj", "{47302AAE-6E9D-4FFA-A2F7-2EA0551C1899}"
EndProject
Project("{9A19103F-16F7-4668-BE54-9A1E7A4F7556}") = "Reflections.UnitTests", "Reflections.UnitTests\Reflections.UnitTests.csproj", "{C93B2D50-7E03-476A-8669-8063A22462A5}"
EndProject
Project("{2150E333-8FDC-42A3-9474-1A3956D46DE8}") = "Solution Items", "Solution Items", "{E0C31C56-0DBA-4C26-9115-4E1757344E74}"
	ProjectSection(SolutionItems) = preProject
		StrongNameKey.snk = StrongNameKey.snk
	EndProjectSection
EndProject
Global
	GlobalSection(SolutionConfigurationPlatforms) = preSolution
		Debug|Any CPU = Debug|Any CPU
		Release|Any CPU = Release|Any CPU
	EndGlobalSection
	GlobalSection(ProjectConfigurationPlatforms) = postSolution
		{47302AAE-6E9D-4FFA-A2F7-2EA0551C1899}.Debug|Any CPU.ActiveCfg = Debug|Any CPU
		{47302AAE-6E9D-4FFA-A2F7-2EA0551C1899}.Debug|Any CPU.Build.0 = Debug|Any CPU
		{47302AAE-6E9D-4FFA-A2F7-2EA0551C1899}.Release|Any CPU.ActiveCfg = Release|Any CPU
		{47302AAE-6E9D-4FFA-A2F7-2EA0551C1899}.Release|Any CPU.Build.0 = Release|Any CPU
		{C93B2D50-7E03-476A-8669-8063A22462A5}.Debug|Any CPU.ActiveCfg = Debug|Any CPU
		{C93B2D50-7E03-476A-8669-8063A22462A5}.Debug|Any CPU.Build.0 = Debug|Any CPU
		{C93B2D50-7E03-476A-8669-8063A22462A5}.Release|Any CPU.ActiveCfg = Release|Any CPU
		{C93B2D50-7E03-476A-8669-8063A22462A5}.Release|Any CPU.Build.0 = Release|Any CPU
	EndGlobalSection
	GlobalSection(SolutionProperties) = preSolution
		HideSolutionNode = FALSE
	EndGlobalSection
	GlobalSection(ExtensibilityGlobals) = postSolution
		SolutionGuid = {1A15F5A7-C33E-414A-8438-5B6D0D55F09E}
	EndGlobalSection
EndGlobal
